// !$*UTF8*$!
{
	archiveVersion = 1;
	classes = {
	};
	objectVersion = 46;
	objects = {

/* Begin PBXBuildFile section */
		6E5550801AB5ABDC00CBB8D2 /* AppDelegate.swift in Sources */ = {isa = PBXBuildFile; fileRef = 6E55507F1AB5ABDC00CBB8D2 /* AppDelegate.swift */; };
		6E5550821AB5ABDC00CBB8D2 /* ViewController.swift in Sources */ = {isa = PBXBuildFile; fileRef = 6E5550811AB5ABDC00CBB8D2 /* ViewController.swift */; };
		6E5550851AB5ABDC00CBB8D2 /* Main.storyboard in Resources */ = {isa = PBXBuildFile; fileRef = 6E5550831AB5ABDC00CBB8D2 /* Main.storyboard */; };
		6E5550871AB5ABDC00CBB8D2 /* Images.xcassets in Resources */ = {isa = PBXBuildFile; fileRef = 6E5550861AB5ABDC00CBB8D2 /* Images.xcassets */; };
		6E55508A1AB5ABDC00CBB8D2 /* LaunchScreen.xib in Resources */ = {isa = PBXBuildFile; fileRef = 6E5550881AB5ABDC00CBB8D2 /* LaunchScreen.xib */; };
		6E5550961AB5ABDC00CBB8D2 /* OAuth2SwiftSampleTests.swift in Sources */ = {isa = PBXBuildFile; fileRef = 6E5550951AB5ABDC00CBB8D2 /* OAuth2SwiftSampleTests.swift */; };
		6E5550AB1AB5AD7C00CBB8D2 /* GTMHTTPFetcher.m in Sources */ = {isa = PBXBuildFile; fileRef = 6E5550A31AB5AD7C00CBB8D2 /* GTMHTTPFetcher.m */; settings = {COMPILER_FLAGS = "-fno-objc-arc"; }; };
		6E5550AC1AB5AD7C00CBB8D2 /* GTMOAuth2Authentication.m in Sources */ = {isa = PBXBuildFile; fileRef = 6E5550A51AB5AD7C00CBB8D2 /* GTMOAuth2Authentication.m */; settings = {COMPILER_FLAGS = "-fno-objc-arc"; }; };
		6E5550AD1AB5AD7C00CBB8D2 /* GTMOAuth2SignIn.m in Sources */ = {isa = PBXBuildFile; fileRef = 6E5550A71AB5AD7C00CBB8D2 /* GTMOAuth2SignIn.m */; settings = {COMPILER_FLAGS = "-fno-objc-arc"; }; };
		6E5550AE1AB5AD7C00CBB8D2 /* GTMOAuth2ViewControllerTouch.m in Sources */ = {isa = PBXBuildFile; fileRef = 6E5550A91AB5AD7C00CBB8D2 /* GTMOAuth2ViewControllerTouch.m */; settings = {COMPILER_FLAGS = "-fno-objc-arc"; }; };
		6E5550AF1AB5AD7C00CBB8D2 /* GTMOAuth2ViewTouch.xib in Resources */ = {isa = PBXBuildFile; fileRef = 6E5550AA1AB5AD7C00CBB8D2 /* GTMOAuth2ViewTouch.xib */; };
		6E5550B11AB5AFB600CBB8D2 /* Security.framework in Frameworks */ = {isa = PBXBuildFile; fileRef = 6E5550B01AB5AFB600CBB8D2 /* Security.framework */; };
		6E5550B31AB5AFBF00CBB8D2 /* SystemConfiguration.framework in Frameworks */ = {isa = PBXBuildFile; fileRef = 6E5550B21AB5AFBF00CBB8D2 /* SystemConfiguration.framework */; };
/* End PBXBuildFile section */

/* Begin PBXContainerItemProxy section */
		6E5550901AB5ABDC00CBB8D2 /* PBXContainerItemProxy */ = {
			isa = PBXContainerItemProxy;
			containerPortal = 6E5550721AB5ABDC00CBB8D2 /* Project object */;
			proxyType = 1;
			remoteGlobalIDString = 6E5550791AB5ABDC00CBB8D2;
			remoteInfo = OAuth2SwiftSample;
		};
/* End PBXContainerItemProxy section */

/* Begin PBXFileReference section */
		6E55507A1AB5ABDC00CBB8D2 /* OAuth2SwiftSample.app */ = {isa = PBXFileReference; explicitFileType = wrapper.application; includeInIndex = 0; path = OAuth2SwiftSample.app; sourceTree = BUILT_PRODUCTS_DIR; };
		6E55507E1AB5ABDC00CBB8D2 /* Info.plist */ = {isa = PBXFileReference; lastKnownFileType = text.plist.xml; path = Info.plist; sourceTree = "<group>"; };
		6E55507F1AB5ABDC00CBB8D2 /* AppDelegate.swift */ = {isa = PBXFileReference; lastKnownFileType = sourcecode.swift; path = AppDelegate.swift; sourceTree = "<group>"; };
		6E5550811AB5ABDC00CBB8D2 /* ViewController.swift */ = {isa = PBXFileReference; lastKnownFileType = sourcecode.swift; path = ViewController.swift; sourceTree = "<group>"; };
		6E5550841AB5ABDC00CBB8D2 /* Base */ = {isa = PBXFileReference; lastKnownFileType = file.storyboard; name = Base; path = Base.lproj/Main.storyboard; sourceTree = "<group>"; };
		6E5550861AB5ABDC00CBB8D2 /* Images.xcassets */ = {isa = PBXFileReference; lastKnownFileType = folder.assetcatalog; path = Images.xcassets; sourceTree = "<group>"; };
		6E5550891AB5ABDC00CBB8D2 /* Base */ = {isa = PBXFileReference; lastKnownFileType = file.xib; name = Base; path = Base.lproj/LaunchScreen.xib; sourceTree = "<group>"; };
		6E55508F1AB5ABDC00CBB8D2 /* OAuth2SwiftSampleTests.xctest */ = {isa = PBXFileReference; explicitFileType = wrapper.cfbundle; includeInIndex = 0; path = OAuth2SwiftSampleTests.xctest; sourceTree = BUILT_PRODUCTS_DIR; };
		6E5550941AB5ABDC00CBB8D2 /* Info.plist */ = {isa = PBXFileReference; lastKnownFileType = text.plist.xml; path = Info.plist; sourceTree = "<group>"; };
		6E5550951AB5ABDC00CBB8D2 /* OAuth2SwiftSampleTests.swift */ = {isa = PBXFileReference; lastKnownFileType = sourcecode.swift; path = OAuth2SwiftSampleTests.swift; sourceTree = "<group>"; };
		6E5550A11AB5AC6B00CBB8D2 /* Bridge-Header.h */ = {isa = PBXFileReference; lastKnownFileType = sourcecode.c.h; path = "Bridge-Header.h"; sourceTree = "<group>"; };
		6E5550A21AB5AD7C00CBB8D2 /* GTMHTTPFetcher.h */ = {isa = PBXFileReference; fileEncoding = 4; lastKnownFileType = sourcecode.c.h; path = GTMHTTPFetcher.h; sourceTree = "<group>"; };
		6E5550A31AB5AD7C00CBB8D2 /* GTMHTTPFetcher.m */ = {isa = PBXFileReference; fileEncoding = 4; lastKnownFileType = sourcecode.c.objc; path = GTMHTTPFetcher.m; sourceTree = "<group>"; };
		6E5550A41AB5AD7C00CBB8D2 /* GTMOAuth2Authentication.h */ = {isa = PBXFileReference; fileEncoding = 4; lastKnownFileType = sourcecode.c.h; path = GTMOAuth2Authentication.h; sourceTree = "<group>"; };
		6E5550A51AB5AD7C00CBB8D2 /* GTMOAuth2Authentication.m */ = {isa = PBXFileReference; fileEncoding = 4; lastKnownFileType = sourcecode.c.objc; path = GTMOAuth2Authentication.m; sourceTree = "<group>"; };
		6E5550A61AB5AD7C00CBB8D2 /* GTMOAuth2SignIn.h */ = {isa = PBXFileReference; fileEncoding = 4; lastKnownFileType = sourcecode.c.h; path = GTMOAuth2SignIn.h; sourceTree = "<group>"; };
		6E5550A71AB5AD7C00CBB8D2 /* GTMOAuth2SignIn.m */ = {isa = PBXFileReference; fileEncoding = 4; lastKnownFileType = sourcecode.c.objc; path = GTMOAuth2SignIn.m; sourceTree = "<group>"; };
		6E5550A81AB5AD7C00CBB8D2 /* GTMOAuth2ViewControllerTouch.h */ = {isa = PBXFileReference; fileEncoding = 4; lastKnownFileType = sourcecode.c.h; path = GTMOAuth2ViewControllerTouch.h; sourceTree = "<group>"; };
		6E5550A91AB5AD7C00CBB8D2 /* GTMOAuth2ViewControllerTouch.m */ = {isa = PBXFileReference; fileEncoding = 4; lastKnownFileType = sourcecode.c.objc; path = GTMOAuth2ViewControllerTouch.m; sourceTree = "<group>"; };
		6E5550AA1AB5AD7C00CBB8D2 /* GTMOAuth2ViewTouch.xib */ = {isa = PBXFileReference; fileEncoding = 4; lastKnownFileType = file.xib; path = GTMOAuth2ViewTouch.xib; sourceTree = "<group>"; };
		6E5550B01AB5AFB600CBB8D2 /* Security.framework */ = {isa = PBXFileReference; lastKnownFileType = wrapper.framework; name = Security.framework; path = System/Library/Frameworks/Security.framework; sourceTree = SDKROOT; };
		6E5550B21AB5AFBF00CBB8D2 /* SystemConfiguration.framework */ = {isa = PBXFileReference; lastKnownFileType = wrapper.framework; name = SystemConfiguration.framework; path = System/Library/Frameworks/SystemConfiguration.framework; sourceTree = SDKROOT; };
/* End PBXFileReference section */

/* Begin PBXFrameworksBuildPhase section */
		6E5550771AB5ABDC00CBB8D2 /* Frameworks */ = {
			isa = PBXFrameworksBuildPhase;
			buildActionMask = 2147483647;
			files = (
				6E5550B31AB5AFBF00CBB8D2 /* SystemConfiguration.framework in Frameworks */,
				6E5550B11AB5AFB600CBB8D2 /* Security.framework in Frameworks */,
			);
			runOnlyForDeploymentPostprocessing = 0;
		};
		6E55508C1AB5ABDC00CBB8D2 /* Frameworks */ = {
			isa = PBXFrameworksBuildPhase;
			buildActionMask = 2147483647;
			files = (
			);
			runOnlyForDeploymentPostprocessing = 0;
		};
/* End PBXFrameworksBuildPhase section */

/* Begin PBXGroup section */
		6E5550711AB5ABDC00CBB8D2 = {
			isa = PBXGroup;
			children = (
				6E5550B21AB5AFBF00CBB8D2 /* SystemConfiguration.framework */,
				6E5550B01AB5AFB600CBB8D2 /* Security.framework */,
				6E55507C1AB5ABDC00CBB8D2 /* OAuth2SwiftSample */,
				6E5550921AB5ABDC00CBB8D2 /* OAuth2SwiftSampleTests */,
				6E55507B1AB5ABDC00CBB8D2 /* Products */,
			);
			sourceTree = "<group>";
		};
		6E55507B1AB5ABDC00CBB8D2 /* Products */ = {
			isa = PBXGroup;
			children = (
				6E55507A1AB5ABDC00CBB8D2 /* OAuth2SwiftSample.app */,
				6E55508F1AB5ABDC00CBB8D2 /* OAuth2SwiftSampleTests.xctest */,
			);
			name = Products;
			sourceTree = "<group>";
		};
		6E55507C1AB5ABDC00CBB8D2 /* OAuth2SwiftSample */ = {
			isa = PBXGroup;
			children = (
				6E55509F1AB5AC1700CBB8D2 /* Libs */,
				6E5550A11AB5AC6B00CBB8D2 /* Bridge-Header.h */,
				6E55507F1AB5ABDC00CBB8D2 /* AppDelegate.swift */,
				6E5550811AB5ABDC00CBB8D2 /* ViewController.swift */,
				6E5550831AB5ABDC00CBB8D2 /* Main.storyboard */,
				6E5550861AB5ABDC00CBB8D2 /* Images.xcassets */,
				6E5550881AB5ABDC00CBB8D2 /* LaunchScreen.xib */,
				6E55507D1AB5ABDC00CBB8D2 /* Supporting Files */,
			);
			path = OAuth2SwiftSample;
			sourceTree = "<group>";
		};
		6E55507D1AB5ABDC00CBB8D2 /* Supporting Files */ = {
			isa = PBXGroup;
			children = (
				6E55507E1AB5ABDC00CBB8D2 /* Info.plist */,
			);
			name = "Supporting Files";
			sourceTree = "<group>";
		};
		6E5550921AB5ABDC00CBB8D2 /* OAuth2SwiftSampleTests */ = {
			isa = PBXGroup;
			children = (
				6E5550951AB5ABDC00CBB8D2 /* OAuth2SwiftSampleTests.swift */,
				6E5550931AB5ABDC00CBB8D2 /* Supporting Files */,
			);
			path = OAuth2SwiftSampleTests;
			sourceTree = "<group>";
		};
		6E5550931AB5ABDC00CBB8D2 /* Supporting Files */ = {
			isa = PBXGroup;
			children = (
				6E5550941AB5ABDC00CBB8D2 /* Info.plist */,
			);
			name = "Supporting Files";
			sourceTree = "<group>";
		};
		6E55509F1AB5AC1700CBB8D2 /* Libs */ = {
			isa = PBXGroup;
			children = (
				6E5550A01AB5AC2500CBB8D2 /* GTMOAuth2 */,
			);
			path = Libs;
			sourceTree = "<group>";
		};
		6E5550A01AB5AC2500CBB8D2 /* GTMOAuth2 */ = {
			isa = PBXGroup;
			children = (
				6E5550A21AB5AD7C00CBB8D2 /* GTMHTTPFetcher.h */,
				6E5550A31AB5AD7C00CBB8D2 /* GTMHTTPFetcher.m */,
				6E5550A41AB5AD7C00CBB8D2 /* GTMOAuth2Authentication.h */,
				6E5550A51AB5AD7C00CBB8D2 /* GTMOAuth2Authentication.m */,
				6E5550A61AB5AD7C00CBB8D2 /* GTMOAuth2SignIn.h */,
				6E5550A71AB5AD7C00CBB8D2 /* GTMOAuth2SignIn.m */,
				6E5550A81AB5AD7C00CBB8D2 /* GTMOAuth2ViewControllerTouch.h */,
				6E5550A91AB5AD7C00CBB8D2 /* GTMOAuth2ViewControllerTouch.m */,
				6E5550AA1AB5AD7C00CBB8D2 /* GTMOAuth2ViewTouch.xib */,
			);
			path = GTMOAuth2;
			sourceTree = "<group>";
		};
/* End PBXGroup section */

/* Begin PBXNativeTarget section */
		6E5550791AB5ABDC00CBB8D2 /* OAuth2SwiftSample */ = {
			isa = PBXNativeTarget;
			buildConfigurationList = 6E5550991AB5ABDC00CBB8D2 /* Build configuration list for PBXNativeTarget "OAuth2SwiftSample" */;
			buildPhases = (
				6E5550761AB5ABDC00CBB8D2 /* Sources */,
				6E5550771AB5ABDC00CBB8D2 /* Frameworks */,
				6E5550781AB5ABDC00CBB8D2 /* Resources */,
			);
			buildRules = (
			);
			dependencies = (
			);
			name = OAuth2SwiftSample;
			productName = OAuth2SwiftSample;
			productReference = 6E55507A1AB5ABDC00CBB8D2 /* OAuth2SwiftSample.app */;
			productType = "com.apple.product-type.application";
		};
		6E55508E1AB5ABDC00CBB8D2 /* OAuth2SwiftSampleTests */ = {
			isa = PBXNativeTarget;
			buildConfigurationList = 6E55509C1AB5ABDC00CBB8D2 /* Build configuration list for PBXNativeTarget "OAuth2SwiftSampleTests" */;
			buildPhases = (
				6E55508B1AB5ABDC00CBB8D2 /* Sources */,
				6E55508C1AB5ABDC00CBB8D2 /* Frameworks */,
				6E55508D1AB5ABDC00CBB8D2 /* Resources */,
			);
			buildRules = (
			);
			dependencies = (
				6E5550911AB5ABDC00CBB8D2 /* PBXTargetDependency */,
			);
			name = OAuth2SwiftSampleTests;
			productName = OAuth2SwiftSampleTests;
			productReference = 6E55508F1AB5ABDC00CBB8D2 /* OAuth2SwiftSampleTests.xctest */;
			productType = "com.apple.product-type.bundle.unit-test";
		};
/* End PBXNativeTarget section */

/* Begin PBXProject section */
		6E5550721AB5ABDC00CBB8D2 /* Project object */ = {
			isa = PBXProject;
			attributes = {
				LastSwiftMigration = 0730;
				LastSwiftUpdateCheck = 0730;
				LastUpgradeCheck = 0620;
				ORGANIZATIONNAME = grandbig.github.io;
				TargetAttributes = {
					6E5550791AB5ABDC00CBB8D2 = {
						CreatedOnToolsVersion = 6.2;
					};
					6E55508E1AB5ABDC00CBB8D2 = {
						CreatedOnToolsVersion = 6.2;
						TestTargetID = 6E5550791AB5ABDC00CBB8D2;
					};
				};
			};
			buildConfigurationList = 6E5550751AB5ABDC00CBB8D2 /* Build configuration list for PBXProject "OAuth2SwiftSample" */;
			compatibilityVersion = "Xcode 3.2";
			developmentRegion = English;
			hasScannedForEncodings = 0;
			knownRegions = (
				en,
				Base,
			);
			mainGroup = 6E5550711AB5ABDC00CBB8D2;
			productRefGroup = 6E55507B1AB5ABDC00CBB8D2 /* Products */;
			projectDirPath = "";
			projectRoot = "";
			targets = (
				6E5550791AB5ABDC00CBB8D2 /* OAuth2SwiftSample */,
				6E55508E1AB5ABDC00CBB8D2 /* OAuth2SwiftSampleTests */,
			);
		};
/* End PBXProject section */

/* Begin PBXResourcesBuildPhase section */
		6E5550781AB5ABDC00CBB8D2 /* Resources */ = {
			isa = PBXResourcesBuildPhase;
			buildActionMask = 2147483647;
			files = (
				6E5550AF1AB5AD7C00CBB8D2 /* GTMOAuth2ViewTouch.xib in Resources */,
				6E5550851AB5ABDC00CBB8D2 /* Main.storyboard in Resources */,
				6E55508A1AB5ABDC00CBB8D2 /* LaunchScreen.xib in Resources */,
				6E5550871AB5ABDC00CBB8D2 /* Images.xcassets in Resources */,
			);
			runOnlyForDeploymentPostprocessing = 0;
		};
		6E55508D1AB5ABDC00CBB8D2 /* Resources */ = {
			isa = PBXResourcesBuildPhase;
			buildActionMask = 2147483647;
			files = (
			);
			runOnlyForDeploymentPostprocessing = 0;
		};
/* End PBXResourcesBuildPhase section */

/* Begin PBXSourcesBuildPhase section */
		6E5550761AB5ABDC00CBB8D2 /* Sources */ = {
			isa = PBXSourcesBuildPhase;
			buildActionMask = 2147483647;
			files = (
				6E5550AE1AB5AD7C00CBB8D2 /* GTMOAuth2ViewControllerTouch.m in Sources */,
				6E5550AB1AB5AD7C00CBB8D2 /* GTMHTTPFetcher.m in Sources */,
				6E5550821AB5ABDC00CBB8D2 /* ViewController.swift in Sources */,
				6E5550AD1AB5AD7C00CBB8D2 /* GTMOAuth2SignIn.m in Sources */,
				6E5550801AB5ABDC00CBB8D2 /* AppDelegate.swift in Sources */,
				6E5550AC1AB5AD7C00CBB8D2 /* GTMOAuth2Authentication.m in Sources */,
			);
			runOnlyForDeploymentPostprocessing = 0;
		};
		6E55508B1AB5ABDC00CBB8D2 /* Sources */ = {
			isa = PBXSourcesBuildPhase;
			buildActionMask = 2147483647;
			files = (
				6E5550961AB5ABDC00CBB8D2 /* OAuth2SwiftSampleTests.swift in Sources */,
			);
			runOnlyForDeploymentPostprocessing = 0;
		};
/* End PBXSourcesBuildPhase section */

/* Begin PBXTargetDependency section */
		6E5550911AB5ABDC00CBB8D2 /* PBXTargetDependency */ = {
			isa = PBXTargetDependency;
			target = 6E5550791AB5ABDC00CBB8D2 /* OAuth2SwiftSample */;
			targetProxy = 6E5550901AB5ABDC00CBB8D2 /* PBXContainerItemProxy */;
		};
/* End PBXTargetDependency section */

/* Begin PBXVariantGroup section */
		6E5550831AB5ABDC00CBB8D2 /* Main.storyboard */ = {
			isa = PBXVariantGroup;
			children = (
				6E5550841AB5ABDC00CBB8D2 /* Base */,
			);
			name = Main.storyboard;
			sourceTree = "<group>";
		};
		6E5550881AB5ABDC00CBB8D2 /* LaunchScreen.xib */ = {
			isa = PBXVariantGroup;
			children = (
				6E5550891AB5ABDC00CBB8D2 /* Base */,
			);
			name = LaunchScreen.xib;
			sourceTree = "<group>";
		};
/* End PBXVariantGroup section */

/* Begin XCBuildConfiguration section */
		6E5550971AB5ABDC00CBB8D2 /* Debug */ = {
			isa = XCBuildConfiguration;
			buildSettings = {
				ALWAYS_SEARCH_USER_PATHS = NO;
				CLANG_CXX_LANGUAGE_STANDARD = "gnu++0x";
				CLANG_CXX_LIBRARY = "libc++";
				CLANG_ENABLE_MODULES = YES;
				CLANG_ENABLE_OBJC_ARC = YES;
				CLANG_WARN_BOOL_CONVERSION = YES;
				CLANG_WARN_CONSTANT_CONVERSION = YES;
				CLANG_WARN_DIRECT_OBJC_ISA_USAGE = YES_ERROR;
				CLANG_WARN_EMPTY_BODY = YES;
				CLANG_WARN_ENUM_CONVERSION = YES;
				CLANG_WARN_INT_CONVERSION = YES;
				CLANG_WARN_OBJC_ROOT_CLASS = YES_ERROR;
				CLANG_WARN_UNREACHABLE_CODE = YES;
				CLANG_WARN__DUPLICATE_METHOD_MATCH = YES;
				"CODE_SIGN_IDENTITY[sdk=iphoneos*]" = "iPhone Developer";
				COPY_PHASE_STRIP = NO;
				ENABLE_STRICT_OBJC_MSGSEND = YES;
				GCC_C_LANGUAGE_STANDARD = gnu99;
				GCC_DYNAMIC_NO_PIC = NO;
				GCC_OPTIMIZATION_LEVEL = 0;
				GCC_PREPROCESSOR_DEFINITIONS = (
					"DEBUG=1",
					"$(inherited)",
				);
				GCC_SYMBOLS_PRIVATE_EXTERN = NO;
				GCC_WARN_64_TO_32_BIT_CONVERSION = YES;
				GCC_WARN_ABOUT_RETURN_TYPE = YES_ERROR;
				GCC_WARN_UNDECLARED_SELECTOR = YES;
				GCC_WARN_UNINITIALIZED_AUTOS = YES_AGGRESSIVE;
				GCC_WARN_UNUSED_FUNCTION = YES;
				GCC_WARN_UNUSED_VARIABLE = YES;
				IPHONEOS_DEPLOYMENT_TARGET = 8.2;
				MTL_ENABLE_DEBUG_INFO = YES;
				ONLY_ACTIVE_ARCH = YES;
				SDKROOT = iphoneos;
				SWIFT_OPTIMIZATION_LEVEL = "-Onone";
			};
			name = Debug;
		};
		6E5550981AB5ABDC00CBB8D2 /* Release */ = {
			isa = XCBuildConfiguration;
			buildSettings = {
				ALWAYS_SEARCH_USER_PATHS = NO;
				CLANG_CXX_LANGUAGE_STANDARD = "gnu++0x";
				CLANG_CXX_LIBRARY = "libc++";
				CLANG_ENABLE_MODULES = YES;
				CLANG_ENABLE_OBJC_ARC = YES;
				CLANG_WARN_BOOL_CONVERSION = YES;
				CLANG_WARN_CONSTANT_CONVERSION = YES;
				CLANG_WARN_DIRECT_OBJC_ISA_USAGE = YES_ERROR;
				CLANG_WARN_EMPTY_BODY = YES;
				CLANG_WARN_ENUM_CONVERSION = YES;
				CLANG_WARN_INT_CONVERSION = YES;
				CLANG_WARN_OBJC_ROOT_CLASS = YES_ERROR;
				CLANG_WARN_UNREACHABLE_CODE = YES;
				CLANG_WARN__DUPLICATE_METHOD_MATCH = YES;
				"CODE_SIGN_IDENTITY[sdk=iphoneos*]" = "iPhone Developer";
				COPY_PHASE_STRIP = NO;
				ENABLE_NS_ASSERTIONS = NO;
				ENABLE_STRICT_OBJC_MSGSEND = YES;
				GCC_C_LANGUAGE_STANDARD = gnu99;
				GCC_WARN_64_TO_32_BIT_CONVERSION = YES;
				GCC_WARN_ABOUT_RETURN_TYPE = YES_ERROR;
				GCC_WARN_UNDECLARED_SELECTOR = YES;
				GCC_WARN_UNINITIALIZED_AUTOS = YES_AGGRESSIVE;
				GCC_WARN_UNUSED_FUNCTION = YES;
				GCC_WARN_UNUSED_VARIABLE = YES;
				IPHONEOS_DEPLOYMENT_TARGET = 8.2;
				MTL_ENABLE_DEBUG_INFO = NO;
				SDKROOT = iphoneos;
				VALIDATE_PRODUCT = YES;
			};
			name = Release;
		};
		6E55509A1AB5ABDC00CBB8D2 /* Debug */ = {
			isa = XCBuildConfiguration;
			buildSettings = {
				ASSETCATALOG_COMPILER_APPICON_NAME = AppIcon;
				ASSETCATALOG_COMPILER_LAUNCHIMAGE_NAME = LaunchImage;
				INFOPLIST_FILE = OAuth2SwiftSample/Info.plist;
				IPHONEOS_DEPLOYMENT_TARGET = 7.0;
				LD_RUNPATH_SEARCH_PATHS = "$(inherited) @executable_path/Frameworks";
				OTHER_LDFLAGS = "-ObjC";
				PRODUCT_NAME = "$(TARGET_NAME)";
				SWIFT_OBJC_BRIDGING_HEADER = "OAuth2SwiftSample/Bridge-Header.h";
			};
			name = Debug;
		};
		6E55509B1AB5ABDC00CBB8D2 /* Release */ = {
			isa = XCBuildConfiguration;
			buildSettings = {
				ASSETCATALOG_COMPILER_APPICON_NAME = AppIcon;
				ASSETCATALOG_COMPILER_LAUNCHIMAGE_NAME = LaunchImage;
				INFOPLIST_FILE = OAuth2SwiftSample/Info.plist;
				IPHONEOS_DEPLOYMENT_TARGET = 7.0;
				LD_RUNPATH_SEARCH_PATHS = "$(inherited) @executable_path/Frameworks";
				OTHER_LDFLAGS = "-ObjC";
				PRODUCT_NAME = "$(TARGET_NAME)";
				SWIFT_OBJC_BRIDGING_HEADER = "OAuth2SwiftSample/Bridge-Header.h";
			};
			name = Release;
		};
		6E55509D1AB5ABDC00CBB8D2 /* Debug */ = {
			isa = XCBuildConfiguration;
			buildSettings = {
				BUNDLE_LOADER = "$(TEST_HOST)";
				FRAMEWORK_SEARCH_PATHS = (
					"$(SDKROOT)/Developer/Library/Frameworks",
					"$(inherited)",
				);
				GCC_PREPROCESSOR_DEFINITIONS = (
					"DEBUG=1",
					"$(inherited)",
				);
				INFOPLIST_FILE = OAuth2SwiftSampleTests/Info.plist;
				LD_RUNPATH_SEARCH_PATHS = "$(inherited) @executable_path/Frameworks @loader_path/Frameworks";
				PRODUCT_NAME = "$(TARGET_NAME)";
				TEST_HOST = "$(BUILT_PRODUCTS_DIR)/OAuth2SwiftSample.app/OAuth2SwiftSample";
			};
			name = Debug;
		};
		6E55509E1AB5ABDC00CBB8D2 /* Release */ = {
			isa = XCBuildConfiguration;
			buildSettings = {
				BUNDLE_LOADER = "$(TEST_HOST)";
				FRAMEWORK_SEARCH_PATHS = (
					"$(SDKROOT)/Developer/Library/Frameworks",
					"$(inherited)",
				);
				INFOPLIST_FILE = OAuth2SwiftSampleTests/Info.plist;
				LD_RUNPATH_SEARCH_PATHS = "$(inherited) @executable_path/Frameworks @loader_path/Frameworks";
				PRODUCT_NAME = "$(TARGET_NAME)";
				TEST_HOST = "$(BUILT_PRODUCTS_DIR)/OAuth2SwiftSample.app/OAuth2SwiftSample";
			};
			name = Release;
		};
/* End XCBuildConfiguration section */

/* Begin XCConfigurationList section */
		6E5550751AB5ABDC00CBB8D2 /* Build configuration list for PBXProject "OAuth2SwiftSample" */ = {
			isa = XCConfigurationList;
			buildConfigurations = (
				6E5550971AB5ABDC00CBB8D2 /* Debug */,
				6E5550981AB5ABDC00CBB8D2 /* Release */,
			);
			defaultConfigurationIsVisible = 0;
			defaultConfigurationName = Release;
		};
		6E5550991AB5ABDC00CBB8D2 /* Build configuration list for PBXNativeTarget "OAuth2SwiftSample" */ = {
			isa = XCConfigurationList;
			buildConfigurations = (
				6E55509A1AB5ABDC00CBB8D2 /* Debug */,
				6E55509B1AB5ABDC00CBB8D2 /* Release */,
			);
			defaultConfigurationIsVisible = 0;
			defaultConfigurationName = Release;
		};
		6E55509C1AB5ABDC00CBB8D2 /* Build configuration list for PBXNativeTarget "OAuth2SwiftSampleTests" */ = {
			isa = XCConfigurationList;
			buildConfigurations = (
				6E55509D1AB5ABDC00CBB8D2 /* Debug */,
				6E55509E1AB5ABDC00CBB8D2 /* Release */,
			);
			defaultConfigurationIsVisible = 0;
			defaultConfigurationName = Release;
		};
/* End XCConfigurationList section */
	};
	rootObject = 6E5550721AB5ABDC00CBB8D2 /* Project object */;
}
